
Microsoft Visual Studio Solution File, Format Version 12.00
# Visual Studio Version 17
VisualStudioVersion = 17.14.36705.20 d17.14
MinimumVisualStudioVersion = 10.0.40219.1
Project("{FAE04EC0-301F-11D3-BF4B-00C04F79EFBC}") = "simpleAdventure", "simpleAdventure.csproj", "{B23F8049-BFDE-4BEE-9AB2-BA75C5299189}"
EndProject
Project("{FAE04EC0-301F-11D3-BF4B-00C04F79EFBC}") = "Engine", "..\Engine\Engine.csproj", "{0391E13E-7DBD-4440-914B-B2725B3A1528}"
EndProject
Global
	GlobalSection(SolutionConfigurationPlatforms) = preSolution
		Debug|Any CPU = Debug|Any CPU
		Release|Any CPU = Release|Any CPU
	EndGlobalSection
	GlobalSection(ProjectConfigurationPlatforms) = postSolution
		{B23F8049-BFDE-4BEE-9AB2-BA75C5299189}.Debug|Any CPU.ActiveCfg = Debug|Any CPU
		{B23F8049-BFDE-4BEE-9AB2-BA75C5299189}.Debug|Any CPU.Build.0 = Debug|Any CPU
		{B23F8049-BFDE-4BEE-9AB2-BA75C5299189}.Release|Any CPU.ActiveCfg = Release|Any CPU
		{B23F8049-BFDE-4BEE-9AB2-BA75C5299189}.Release|Any CPU.Build.0 = Release|Any CPU
		{0391E13E-7DBD-4440-914B-B2725B3A1528}.Debug|Any CPU.ActiveCfg = Debug|Any CPU
		{0391E13E-7DBD-4440-914B-B2725B3A1528}.Debug|Any CPU.Build.0 = Debug|Any CPU
		{0391E13E-7DBD-4440-914B-B2725B3A1528}.Release|Any CPU.ActiveCfg = Release|Any CPU
		{0391E13E-7DBD-4440-914B-B2725B3A1528}.Release|Any CPU.Build.0 = Release|Any CPU
	EndGlobalSection
	GlobalSection(SolutionProperties) = preSolution
		HideSolutionNode = FALSE
	EndGlobalSection
	GlobalSection(ExtensibilityGlobals) = postSolution
		SolutionGuid = {9966CB54-4A24-4E2F-83AC-07E8EB429D22}
	EndGlobalSection
EndGlobal
